// !$*UTF8*$!
{
	archiveVersion = 1;
	classes = {
	};
	objectVersion = 55;
	objects = {

/* Begin PBXBuildFile section */
		8556C57628A6C6ED001D52E5 /* AppDelegate.swift in Sources */ = {isa = PBXBuildFile; fileRef = 8556C57528A6C6ED001D52E5 /* AppDelegate.swift */; };
		8556C57828A6C6ED001D52E5 /* SceneDelegate.swift in Sources */ = {isa = PBXBuildFile; fileRef = 8556C57728A6C6ED001D52E5 /* SceneDelegate.swift */; };
		8556C57A28A6C6ED001D52E5 /* ViewController.swift in Sources */ = {isa = PBXBuildFile; fileRef = 8556C57928A6C6ED001D52E5 /* ViewController.swift */; };
		8556C57D28A6C6EE001D52E5 /* Main.storyboard in Resources */ = {isa = PBXBuildFile; fileRef = 8556C57B28A6C6ED001D52E5 /* Main.storyboard */; };
		8556C58028A6C6EE001D52E5 /* Coppel_ios_examen.xcdatamodeld in Sources */ = {isa = PBXBuildFile; fileRef = 8556C57E28A6C6EE001D52E5 /* Coppel_ios_examen.xcdatamodeld */; };
		8556C58228A6C6EE001D52E5 /* Assets.xcassets in Resources */ = {isa = PBXBuildFile; fileRef = 8556C58128A6C6EE001D52E5 /* Assets.xcassets */; };
		8556C58528A6C6EE001D52E5 /* LaunchScreen.storyboard in Resources */ = {isa = PBXBuildFile; fileRef = 8556C58328A6C6EE001D52E5 /* LaunchScreen.storyboard */; };
		8556C59028A6C6EE001D52E5 /* Coppel_ios_examenTests.swift in Sources */ = {isa = PBXBuildFile; fileRef = 8556C58F28A6C6EE001D52E5 /* Coppel_ios_examenTests.swift */; };
		8556C59A28A6C6EE001D52E5 /* Coppel_ios_examenUITests.swift in Sources */ = {isa = PBXBuildFile; fileRef = 8556C59928A6C6EE001D52E5 /* Coppel_ios_examenUITests.swift */; };
		8556C59C28A6C6EE001D52E5 /* Coppel_ios_examenUITestsLaunchTests.swift in Sources */ = {isa = PBXBuildFile; fileRef = 8556C59B28A6C6EE001D52E5 /* Coppel_ios_examenUITestsLaunchTests.swift */; };
/* End PBXBuildFile section */

/* Begin PBXContainerItemProxy section */
		8556C58C28A6C6EE001D52E5 /* PBXContainerItemProxy */ = {
			isa = PBXContainerItemProxy;
			containerPortal = 8556C56A28A6C6ED001D52E5 /* Project object */;
			proxyType = 1;
			remoteGlobalIDString = 8556C57128A6C6ED001D52E5;
			remoteInfo = "Coppel ios examen";
		};
		8556C59628A6C6EE001D52E5 /* PBXContainerItemProxy */ = {
			isa = PBXContainerItemProxy;
			containerPortal = 8556C56A28A6C6ED001D52E5 /* Project object */;
			proxyType = 1;
			remoteGlobalIDString = 8556C57128A6C6ED001D52E5;
			remoteInfo = "Coppel ios examen";
		};
/* End PBXContainerItemProxy section */

/* Begin PBXFileReference section */
		8556C57228A6C6ED001D52E5 /* Coppel ios examen.app */ = {isa = PBXFileReference; explicitFileType = wrapper.application; includeInIndex = 0; path = "Coppel ios examen.app"; sourceTree = BUILT_PRODUCTS_DIR; };
		8556C57528A6C6ED001D52E5 /* AppDelegate.swift */ = {isa = PBXFileReference; lastKnownFileType = sourcecode.swift; path = AppDelegate.swift; sourceTree = "<group>"; };
		8556C57728A6C6ED001D52E5 /* SceneDelegate.swift */ = {isa = PBXFileReference; lastKnownFileType = sourcecode.swift; path = SceneDelegate.swift; sourceTree = "<group>"; };
		8556C57928A6C6ED001D52E5 /* ViewController.swift */ = {isa = PBXFileReference; lastKnownFileType = sourcecode.swift; path = ViewController.swift; sourceTree = "<group>"; };
		8556C57C28A6C6ED001D52E5 /* Base */ = {isa = PBXFileReference; lastKnownFileType = file.storyboard; name = Base; path = Base.lproj/Main.storyboard; sourceTree = "<group>"; };
		8556C57F28A6C6EE001D52E5 /* Coppel_ios_examen.xcdatamodel */ = {isa = PBXFileReference; lastKnownFileType = wrapper.xcdatamodel; path = Coppel_ios_examen.xcdatamodel; sourceTree = "<group>"; };
		8556C58128A6C6EE001D52E5 /* Assets.xcassets */ = {isa = PBXFileReference; lastKnownFileType = folder.assetcatalog; path = Assets.xcassets; sourceTree = "<group>"; };
		8556C58428A6C6EE001D52E5 /* Base */ = {isa = PBXFileReference; lastKnownFileType = file.storyboard; name = Base; path = Base.lproj/LaunchScreen.storyboard; sourceTree = "<group>"; };
		8556C58628A6C6EE001D52E5 /* Info.plist */ = {isa = PBXFileReference; lastKnownFileType = text.plist.xml; path = Info.plist; sourceTree = "<group>"; };
		8556C58B28A6C6EE001D52E5 /* Coppel ios examenTests.xctest */ = {isa = PBXFileReference; explicitFileType = wrapper.cfbundle; includeInIndex = 0; path = "Coppel ios examenTests.xctest"; sourceTree = BUILT_PRODUCTS_DIR; };
		8556C58F28A6C6EE001D52E5 /* Coppel_ios_examenTests.swift */ = {isa = PBXFileReference; lastKnownFileType = sourcecode.swift; path = Coppel_ios_examenTests.swift; sourceTree = "<group>"; };
		8556C59528A6C6EE001D52E5 /* Coppel ios examenUITests.xctest */ = {isa = PBXFileReference; explicitFileType = wrapper.cfbundle; includeInIndex = 0; path = "Coppel ios examenUITests.xctest"; sourceTree = BUILT_PRODUCTS_DIR; };
		8556C59928A6C6EE001D52E5 /* Coppel_ios_examenUITests.swift */ = {isa = PBXFileReference; lastKnownFileType = sourcecode.swift; path = Coppel_ios_examenUITests.swift; sourceTree = "<group>"; };
		8556C59B28A6C6EE001D52E5 /* Coppel_ios_examenUITestsLaunchTests.swift */ = {isa = PBXFileReference; lastKnownFileType = sourcecode.swift; path = Coppel_ios_examenUITestsLaunchTests.swift; sourceTree = "<group>"; };
/* End PBXFileReference section */

/* Begin PBXFrameworksBuildPhase section */
		8556C56F28A6C6ED001D52E5 /* Frameworks */ = {
			isa = PBXFrameworksBuildPhase;
			buildActionMask = 2147483647;
			files = (
			);
			runOnlyForDeploymentPostprocessing = 0;
		};
		8556C58828A6C6EE001D52E5 /* Frameworks */ = {
			isa = PBXFrameworksBuildPhase;
			buildActionMask = 2147483647;
			files = (
			);
			runOnlyForDeploymentPostprocessing = 0;
		};
		8556C59228A6C6EE001D52E5 /* Frameworks */ = {
			isa = PBXFrameworksBuildPhase;
			buildActionMask = 2147483647;
			files = (
			);
			runOnlyForDeploymentPostprocessing = 0;
		};
/* End PBXFrameworksBuildPhase section */

/* Begin PBXGroup section */
		8556C56928A6C6ED001D52E5 = {
			isa = PBXGroup;
			children = (
				8556C57428A6C6ED001D52E5 /* Coppel ios examen */,
				8556C58E28A6C6EE001D52E5 /* Coppel ios examenTests */,
				8556C59828A6C6EE001D52E5 /* Coppel ios examenUITests */,
				8556C57328A6C6ED001D52E5 /* Products */,
			);
			sourceTree = "<group>";
		};
		8556C57328A6C6ED001D52E5 /* Products */ = {
			isa = PBXGroup;
			children = (
				8556C57228A6C6ED001D52E5 /* Coppel ios examen.app */,
				8556C58B28A6C6EE001D52E5 /* Coppel ios examenTests.xctest */,
				8556C59528A6C6EE001D52E5 /* Coppel ios examenUITests.xctest */,
			);
			name = Products;
			sourceTree = "<group>";
		};
		8556C57428A6C6ED001D52E5 /* Coppel ios examen */ = {
			isa = PBXGroup;
			children = (
				8556C57528A6C6ED001D52E5 /* AppDelegate.swift */,
				8556C57728A6C6ED001D52E5 /* SceneDelegate.swift */,
				8556C57928A6C6ED001D52E5 /* ViewController.swift */,
				8556C57B28A6C6ED001D52E5 /* Main.storyboard */,
				8556C58128A6C6EE001D52E5 /* Assets.xcassets */,
				8556C58328A6C6EE001D52E5 /* LaunchScreen.storyboard */,
				8556C58628A6C6EE001D52E5 /* Info.plist */,
				8556C57E28A6C6EE001D52E5 /* Coppel_ios_examen.xcdatamodeld */,
			);
			path = "Coppel ios examen";
			sourceTree = "<group>";
		};
		8556C58E28A6C6EE001D52E5 /* Coppel ios examenTests */ = {
			isa = PBXGroup;
			children = (
				8556C58F28A6C6EE001D52E5 /* Coppel_ios_examenTests.swift */,
			);
			path = "Coppel ios examenTests";
			sourceTree = "<group>";
		};
		8556C59828A6C6EE001D52E5 /* Coppel ios examenUITests */ = {
			isa = PBXGroup;
			children = (
				8556C59928A6C6EE001D52E5 /* Coppel_ios_examenUITests.swift */,
				8556C59B28A6C6EE001D52E5 /* Coppel_ios_examenUITestsLaunchTests.swift */,
			);
			path = "Coppel ios examenUITests";
			sourceTree = "<group>";
		};
/* End PBXGroup section */

/* Begin PBXNativeTarget section */
		8556C57128A6C6ED001D52E5 /* Coppel ios examen */ = {
			isa = PBXNativeTarget;
			buildConfigurationList = 8556C59F28A6C6EE001D52E5 /* Build configuration list for PBXNativeTarget "Coppel ios examen" */;
			buildPhases = (
				8556C56E28A6C6ED001D52E5 /* Sources */,
				8556C56F28A6C6ED001D52E5 /* Frameworks */,
				8556C57028A6C6ED001D52E5 /* Resources */,
			);
			buildRules = (
			);
			dependencies = (
			);
			name = "Coppel ios examen";
			productName = "Coppel ios examen";
			productReference = 8556C57228A6C6ED001D52E5 /* Coppel ios examen.app */;
			productType = "com.apple.product-type.application";
		};
		8556C58A28A6C6EE001D52E5 /* Coppel ios examenTests */ = {
			isa = PBXNativeTarget;
			buildConfigurationList = 8556C5A228A6C6EE001D52E5 /* Build configuration list for PBXNativeTarget "Coppel ios examenTests" */;
			buildPhases = (
				8556C58728A6C6EE001D52E5 /* Sources */,
				8556C58828A6C6EE001D52E5 /* Frameworks */,
				8556C58928A6C6EE001D52E5 /* Resources */,
			);
			buildRules = (
			);
			dependencies = (
				8556C58D28A6C6EE001D52E5 /* PBXTargetDependency */,
			);
			name = "Coppel ios examenTests";
			productName = "Coppel ios examenTests";
			productReference = 8556C58B28A6C6EE001D52E5 /* Coppel ios examenTests.xctest */;
			productType = "com.apple.product-type.bundle.unit-test";
		};
		8556C59428A6C6EE001D52E5 /* Coppel ios examenUITests */ = {
			isa = PBXNativeTarget;
			buildConfigurationList = 8556C5A528A6C6EE001D52E5 /* Build configuration list for PBXNativeTarget "Coppel ios examenUITests" */;
			buildPhases = (
				8556C59128A6C6EE001D52E5 /* Sources */,
				8556C59228A6C6EE001D52E5 /* Frameworks */,
				8556C59328A6C6EE001D52E5 /* Resources */,
			);
			buildRules = (
			);
			dependencies = (
				8556C59728A6C6EE001D52E5 /* PBXTargetDependency */,
			);
			name = "Coppel ios examenUITests";
			productName = "Coppel ios examenUITests";
			productReference = 8556C59528A6C6EE001D52E5 /* Coppel ios examenUITests.xctest */;
			productType = "com.apple.product-type.bundle.ui-testing";
		};
/* End PBXNativeTarget section */

/* Begin PBXProject section */
		8556C56A28A6C6ED001D52E5 /* Project object */ = {
			isa = PBXProject;
			attributes = {
				BuildIndependentTargetsInParallel = 1;
				LastSwiftUpdateCheck = 1340;
				LastUpgradeCheck = 1340;
				TargetAttributes = {
					8556C57128A6C6ED001D52E5 = {
						CreatedOnToolsVersion = 13.4.1;
					};
					8556C58A28A6C6EE001D52E5 = {
						CreatedOnToolsVersion = 13.4.1;
						TestTargetID = 8556C57128A6C6ED001D52E5;
					};
					8556C59428A6C6EE001D52E5 = {
						CreatedOnToolsVersion = 13.4.1;
						TestTargetID = 8556C57128A6C6ED001D52E5;
					};
				};
			};
			buildConfigurationList = 8556C56D28A6C6ED001D52E5 /* Build configuration list for PBXProject "Coppel ios examen" */;
			compatibilityVersion = "Xcode 13.0";
			developmentRegion = en;
			hasScannedForEncodings = 0;
			knownRegions = (
				en,
				Base,
			);
			mainGroup = 8556C56928A6C6ED001D52E5;
			productRefGroup = 8556C57328A6C6ED001D52E5 /* Products */;
			projectDirPath = "";
			projectRoot = "";
			targets = (
				8556C57128A6C6ED001D52E5 /* Coppel ios examen */,
				8556C58A28A6C6EE001D52E5 /* Coppel ios examenTests */,
				8556C59428A6C6EE001D52E5 /* Coppel ios examenUITests */,
			);
		};
/* End PBXProject section */

/* Begin PBXResourcesBuildPhase section */
		8556C57028A6C6ED001D52E5 /* Resources */ = {
			isa = PBXResourcesBuildPhase;
			buildActionMask = 2147483647;
			files = (
				8556C58528A6C6EE001D52E5 /* LaunchScreen.storyboard in Resources */,
				8556C58228A6C6EE001D52E5 /* Assets.xcassets in Resources */,
				8556C57D28A6C6EE001D52E5 /* Main.storyboard in Resources */,
			);
			runOnlyForDeploymentPostprocessing = 0;
		};
		8556C58928A6C6EE001D52E5 /* Resources */ = {
			isa = PBXResourcesBuildPhase;
			buildActionMask = 2147483647;
			files = (
			);
			runOnlyForDeploymentPostprocessing = 0;
		};
		8556C59328A6C6EE001D52E5 /* Resources */ = {
			isa = PBXResourcesBuildPhase;
			buildActionMask = 2147483647;
			files = (
			);
			runOnlyForDeploymentPostprocessing = 0;
		};
/* End PBXResourcesBuildPhase section */

/* Begin PBXSourcesBuildPhase section */
		8556C56E28A6C6ED001D52E5 /* Sources */ = {
			isa = PBXSourcesBuildPhase;
			buildActionMask = 2147483647;
			files = (
				8556C58028A6C6EE001D52E5 /* Coppel_ios_examen.xcdatamodeld in Sources */,
				8556C57A28A6C6ED001D52E5 /* ViewController.swift in Sources */,
				8556C57628A6C6ED001D52E5 /* AppDelegate.swift in Sources */,
				8556C57828A6C6ED001D52E5 /* SceneDelegate.swift in Sources */,
			);
			runOnlyForDeploymentPostprocessing = 0;
		};
		8556C58728A6C6EE001D52E5 /* Sources */ = {
			isa = PBXSourcesBuildPhase;
			buildActionMask = 2147483647;
			files = (
				8556C59028A6C6EE001D52E5 /* Coppel_ios_examenTests.swift in Sources */,
			);
			runOnlyForDeploymentPostprocessing = 0;
		};
		8556C59128A6C6EE001D52E5 /* Sources */ = {
			isa = PBXSourcesBuildPhase;
			buildActionMask = 2147483647;
			files = (
				8556C59A28A6C6EE001D52E5 /* Coppel_ios_examenUITests.swift in Sources */,
				8556C59C28A6C6EE001D52E5 /* Coppel_ios_examenUITestsLaunchTests.swift in Sources */,
			);
			runOnlyForDeploymentPostprocessing = 0;
		};
/* End PBXSourcesBuildPhase section */

/* Begin PBXTargetDependency section */
		8556C58D28A6C6EE001D52E5 /* PBXTargetDependency */ = {
			isa = PBXTargetDependency;
			target = 8556C57128A6C6ED001D52E5 /* Coppel ios examen */;
			targetProxy = 8556C58C28A6C6EE001D52E5 /* PBXContainerItemProxy */;
		};
		8556C59728A6C6EE001D52E5 /* PBXTargetDependency */ = {
			isa = PBXTargetDependency;
			target = 8556C57128A6C6ED001D52E5 /* Coppel ios examen */;
			targetProxy = 8556C59628A6C6EE001D52E5 /* PBXContainerItemProxy */;
		};
/* End PBXTargetDependency section */

/* Begin PBXVariantGroup section */
		8556C57B28A6C6ED001D52E5 /* Main.storyboard */ = {
			isa = PBXVariantGroup;
			children = (
				8556C57C28A6C6ED001D52E5 /* Base */,
			);
			name = Main.storyboard;
			sourceTree = "<group>";
		};
		8556C58328A6C6EE001D52E5 /* LaunchScreen.storyboard */ = {
			isa = PBXVariantGroup;
			children = (
				8556C58428A6C6EE001D52E5 /* Base */,
			);
			name = LaunchScreen.storyboard;
			sourceTree = "<group>";
		};
/* End PBXVariantGroup section */

/* Begin XCBuildConfiguration section */
		8556C59D28A6C6EE001D52E5 /* Debug */ = {
			isa = XCBuildConfiguration;
			buildSettings = {
				ALWAYS_SEARCH_USER_PATHS = NO;
				CLANG_ANALYZER_NONNULL = YES;
				CLANG_ANALYZER_NUMBER_OBJECT_CONVERSION = YES_AGGRESSIVE;
				CLANG_CXX_LANGUAGE_STANDARD = "gnu++17";
				CLANG_ENABLE_MODULES = YES;
				CLANG_ENABLE_OBJC_ARC = YES;
				CLANG_ENABLE_OBJC_WEAK = YES;
				CLANG_WARN_BLOCK_CAPTURE_AUTORELEASING = YES;
				CLANG_WARN_BOOL_CONVERSION = YES;
				CLANG_WARN_COMMA = YES;
				CLANG_WARN_CONSTANT_CONVERSION = YES;
				CLANG_WARN_DEPRECATED_OBJC_IMPLEMENTATIONS = YES;
				CLANG_WARN_DIRECT_OBJC_ISA_USAGE = YES_ERROR;
				CLANG_WARN_DOCUMENTATION_COMMENTS = YES;
				CLANG_WARN_EMPTY_BODY = YES;
				CLANG_WARN_ENUM_CONVERSION = YES;
				CLANG_WARN_INFINITE_RECURSION = YES;
				CLANG_WARN_INT_CONVERSION = YES;
				CLANG_WARN_NON_LITERAL_NULL_CONVERSION = YES;
				CLANG_WARN_OBJC_IMPLICIT_RETAIN_SELF = YES;
				CLANG_WARN_OBJC_LITERAL_CONVERSION = YES;
				CLANG_WARN_OBJC_ROOT_CLASS = YES_ERROR;
				CLANG_WARN_QUOTED_INCLUDE_IN_FRAMEWORK_HEADER = YES;
				CLANG_WARN_RANGE_LOOP_ANALYSIS = YES;
				CLANG_WARN_STRICT_PROTOTYPES = YES;
				CLANG_WARN_SUSPICIOUS_MOVE = YES;
				CLANG_WARN_UNGUARDED_AVAILABILITY = YES_AGGRESSIVE;
				CLANG_WARN_UNREACHABLE_CODE = YES;
				CLANG_WARN__DUPLICATE_METHOD_MATCH = YES;
				COPY_PHASE_STRIP = NO;
				DEBUG_INFORMATION_FORMAT = dwarf;
				ENABLE_STRICT_OBJC_MSGSEND = YES;
				ENABLE_TESTABILITY = YES;
				GCC_C_LANGUAGE_STANDARD = gnu11;
				GCC_DYNAMIC_NO_PIC = NO;
				GCC_NO_COMMON_BLOCKS = YES;
				GCC_OPTIMIZATION_LEVEL = 0;
				GCC_PREPROCESSOR_DEFINITIONS = (
					"DEBUG=1",
					"$(inherited)",
				);
				GCC_WARN_64_TO_32_BIT_CONVERSION = YES;
				GCC_WARN_ABOUT_RETURN_TYPE = YES_ERROR;
				GCC_WARN_UNDECLARED_SELECTOR = YES;
				GCC_WARN_UNINITIALIZED_AUTOS = YES_AGGRESSIVE;
				GCC_WARN_UNUSED_FUNCTION = YES;
				GCC_WARN_UNUSED_VARIABLE = YES;
				IPHONEOS_DEPLOYMENT_TARGET = 15.5;
				MTL_ENABLE_DEBUG_INFO = INCLUDE_SOURCE;
				MTL_FAST_MATH = YES;
				ONLY_ACTIVE_ARCH = YES;
				SDKROOT = iphoneos;
				SWIFT_ACTIVE_COMPILATION_CONDITIONS = DEBUG;
				SWIFT_OPTIMIZATION_LEVEL = "-Onone";
			};
			name = Debug;
		};
		8556C59E28A6C6EE001D52E5 /* Release */ = {
			isa = XCBuildConfiguration;
			buildSettings = {
				ALWAYS_SEARCH_USER_PATHS = NO;
				CLANG_ANALYZER_NONNULL = YES;
				CLANG_ANALYZER_NUMBER_OBJECT_CONVERSION = YES_AGGRESSIVE;
				CLANG_CXX_LANGUAGE_STANDARD = "gnu++17";
				CLANG_ENABLE_MODULES = YES;
				CLANG_ENABLE_OBJC_ARC = YES;
				CLANG_ENABLE_OBJC_WEAK = YES;
				CLANG_WARN_BLOCK_CAPTURE_AUTORELEASING = YES;
				CLANG_WARN_BOOL_CONVERSION = YES;
				CLANG_WARN_COMMA = YES;
				CLANG_WARN_CONSTANT_CONVERSION = YES;
				CLANG_WARN_DEPRECATED_OBJC_IMPLEMENTATIONS = YES;
				CLANG_WARN_DIRECT_OBJC_ISA_USAGE = YES_ERROR;
				CLANG_WARN_DOCUMENTATION_COMMENTS = YES;
				CLANG_WARN_EMPTY_BODY = YES;
				CLANG_WARN_ENUM_CONVERSION = YES;
				CLANG_WARN_INFINITE_RECURSION = YES;
				CLANG_WARN_INT_CONVERSION = YES;
				CLANG_WARN_NON_LITERAL_NULL_CONVERSION = YES;
				CLANG_WARN_OBJC_IMPLICIT_RETAIN_SELF = YES;
				CLANG_WARN_OBJC_LITERAL_CONVERSION = YES;
				CLANG_WARN_OBJC_ROOT_CLASS = YES_ERROR;
				CLANG_WARN_QUOTED_INCLUDE_IN_FRAMEWORK_HEADER = YES;
				CLANG_WARN_RANGE_LOOP_ANALYSIS = YES;
				CLANG_WARN_STRICT_PROTOTYPES = YES;
				CLANG_WARN_SUSPICIOUS_MOVE = YES;
				CLANG_WARN_UNGUARDED_AVAILABILITY = YES_AGGRESSIVE;
				CLANG_WARN_UNREACHABLE_CODE = YES;
				CLANG_WARN__DUPLICATE_METHOD_MATCH = YES;
				COPY_PHASE_STRIP = NO;
				DEBUG_INFORMATION_FORMAT = "dwarf-with-dsym";
				ENABLE_NS_ASSERTIONS = NO;
				ENABLE_STRICT_OBJC_MSGSEND = YES;
				GCC_C_LANGUAGE_STANDARD = gnu11;
				GCC_NO_COMMON_BLOCKS = YES;
				GCC_WARN_64_TO_32_BIT_CONVERSION = YES;
				GCC_WARN_ABOUT_RETURN_TYPE = YES_ERROR;
				GCC_WARN_UNDECLARED_SELECTOR = YES;
				GCC_WARN_UNINITIALIZED_AUTOS = YES_AGGRESSIVE;
				GCC_WARN_UNUSED_FUNCTION = YES;
				GCC_WARN_UNUSED_VARIABLE = YES;
				IPHONEOS_DEPLOYMENT_TARGET = 15.5;
				MTL_ENABLE_DEBUG_INFO = NO;
				MTL_FAST_MATH = YES;
				SDKROOT = iphoneos;
				SWIFT_COMPILATION_MODE = wholemodule;
				SWIFT_OPTIMIZATION_LEVEL = "-O";
				VALIDATE_PRODUCT = YES;
			};
			name = Release;
		};
		8556C5A028A6C6EE001D52E5 /* Debug */ = {
			isa = XCBuildConfiguration;
			buildSettings = {
				ASSETCATALOG_COMPILER_APPICON_NAME = AppIcon;
				ASSETCATALOG_COMPILER_GLOBAL_ACCENT_COLOR_NAME = AccentColor;
				CODE_SIGN_STYLE = Automatic;
				CURRENT_PROJECT_VERSION = 1;
				DEVELOPMENT_TEAM = 6593T63KX6;
				GENERATE_INFOPLIST_FILE = YES;
				INFOPLIST_FILE = "Coppel ios examen/Info.plist";
				INFOPLIST_KEY_UIApplicationSupportsIndirectInputEvents = YES;
				INFOPLIST_KEY_UILaunchStoryboardName = LaunchScreen;
				INFOPLIST_KEY_UIMainStoryboardFile = Main;
				INFOPLIST_KEY_UISupportedInterfaceOrientations_iPad = "UIInterfaceOrientationPortrait UIInterfaceOrientationPortraitUpsideDown UIInterfaceOrientationLandscapeLeft UIInterfaceOrientationLandscapeRight";
				INFOPLIST_KEY_UISupportedInterfaceOrientations_iPhone = "UIInterfaceOrientationPortrait UIInterfaceOrientationLandscapeLeft UIInterfaceOrientationLandscapeRight";
				LD_RUNPATH_SEARCH_PATHS = (
					"$(inherited)",
					"@executable_path/Frameworks",
				);
				MARKETING_VERSION = 1.0;
				PRODUCT_BUNDLE_IDENTIFIER = "com.coppel-ios.Coppel-ios-examen";
				PRODUCT_NAME = "$(TARGET_NAME)";
				SWIFT_EMIT_LOC_STRINGS = YES;
				SWIFT_VERSION = 5.0;
				TARGETED_DEVICE_FAMILY = "1,2";
			};
			name = Debug;
		};
		8556C5A128A6C6EE001D52E5 /* Release */ = {
			isa = XCBuildConfiguration;
			buildSettings = {
				ASSETCATALOG_COMPILER_APPICON_NAME = AppIcon;
				ASSETCATALOG_COMPILER_GLOBAL_ACCENT_COLOR_NAME = AccentColor;
				CODE_SIGN_STYLE = Automatic;
				CURRENT_PROJECT_VERSION = 1;
				DEVELOPMENT_TEAM = 6593T63KX6;
				GENERATE_INFOPLIST_FILE = YES;
				INFOPLIST_FILE = "Coppel ios examen/Info.plist";
				INFOPLIST_KEY_UIApplicationSupportsIndirectInputEvents = YES;
				INFOPLIST_KEY_UILaunchStoryboardName = LaunchScreen;
				INFOPLIST_KEY_UIMainStoryboardFile = Main;
				INFOPLIST_KEY_UISupportedInterfaceOrientations_iPad = "UIInterfaceOrientationPortrait UIInterfaceOrientationPortraitUpsideDown UIInterfaceOrientationLandscapeLeft UIInterfaceOrientationLandscapeRight";
				INFOPLIST_KEY_UISupportedInterfaceOrientations_iPhone = "UIInterfaceOrientationPortrait UIInterfaceOrientationLandscapeLeft UIInterfaceOrientationLandscapeRight";
				LD_RUNPATH_SEARCH_PATHS = (
					"$(inherited)",
					"@executable_path/Frameworks",
				);
				MARKETING_VERSION = 1.0;
				PRODUCT_BUNDLE_IDENTIFIER = "com.coppel-ios.Coppel-ios-examen";
				PRODUCT_NAME = "$(TARGET_NAME)";
				SWIFT_EMIT_LOC_STRINGS = YES;
				SWIFT_VERSION = 5.0;
				TARGETED_DEVICE_FAMILY = "1,2";
			};
			name = Release;
		};
		8556C5A328A6C6EE001D52E5 /* Debug */ = {
			isa = XCBuildConfiguration;
			buildSettings = {
				ALWAYS_EMBED_SWIFT_STANDARD_LIBRARIES = YES;
				BUNDLE_LOADER = "$(TEST_HOST)";
				CODE_SIGN_STYLE = Automatic;
				CURRENT_PROJECT_VERSION = 1;
				DEVELOPMENT_TEAM = 6593T63KX6;
				GENERATE_INFOPLIST_FILE = YES;
				IPHONEOS_DEPLOYMENT_TARGET = 15.5;
				MARKETING_VERSION = 1.0;
				PRODUCT_BUNDLE_IDENTIFIER = "com.coppel-ios.Coppel-ios-examenTests";
				PRODUCT_NAME = "$(TARGET_NAME)";
				SWIFT_EMIT_LOC_STRINGS = NO;
				SWIFT_VERSION = 5.0;
				TARGETED_DEVICE_FAMILY = "1,2";
				TEST_HOST = "$(BUILT_PRODUCTS_DIR)/Coppel ios examen.app/Coppel ios examen";
			};
			name = Debug;
		};
		8556C5A428A6C6EE001D52E5 /* Release */ = {
			isa = XCBuildConfiguration;
			buildSettings = {
				ALWAYS_EMBED_SWIFT_STANDARD_LIBRARIES = YES;
				BUNDLE_LOADER = "$(TEST_HOST)";
				CODE_SIGN_STYLE = Automatic;
				CURRENT_PROJECT_VERSION = 1;
				DEVELOPMENT_TEAM = 6593T63KX6;
				GENERATE_INFOPLIST_FILE = YES;
				IPHONEOS_DEPLOYMENT_TARGET = 15.5;
				MARKETING_VERSION = 1.0;
				PRODUCT_BUNDLE_IDENTIFIER = "com.coppel-ios.Coppel-ios-examenTests";
				PRODUCT_NAME = "$(TARGET_NAME)";
				SWIFT_EMIT_LOC_STRINGS = NO;
				SWIFT_VERSION = 5.0;
				TARGETED_DEVICE_FAMILY = "1,2";
				TEST_HOST = "$(BUILT_PRODUCTS_DIR)/Coppel ios examen.app/Coppel ios examen";
			};
			name = Release;
		};
		8556C5A628A6C6EE001D52E5 /* Debug */ = {
			isa = XCBuildConfiguration;
			buildSettings = {
				ALWAYS_EMBED_SWIFT_STANDARD_LIBRARIES = YES;
				CODE_SIGN_STYLE = Automatic;
				CURRENT_PROJECT_VERSION = 1;
				DEVELOPMENT_TEAM = 6593T63KX6;
				GENERATE_INFOPLIST_FILE = YES;
				MARKETING_VERSION = 1.0;
				PRODUCT_BUNDLE_IDENTIFIER = "com.coppel-ios.Coppel-ios-examenUITests";
				PRODUCT_NAME = "$(TARGET_NAME)";
				SWIFT_EMIT_LOC_STRINGS = NO;
				SWIFT_VERSION = 5.0;
				TARGETED_DEVICE_FAMILY = "1,2";
				TEST_TARGET_NAME = "Coppel ios examen";
			};
			name = Debug;
		};
		8556C5A728A6C6EE001D52E5 /* Release */ = {
			isa = XCBuildConfiguration;
			buildSettings = {
				ALWAYS_EMBED_SWIFT_STANDARD_LIBRARIES = YES;
				CODE_SIGN_STYLE = Automatic;
				CURRENT_PROJECT_VERSION = 1;
				DEVELOPMENT_TEAM = 6593T63KX6;
				GENERATE_INFOPLIST_FILE = YES;
				MARKETING_VERSION = 1.0;
				PRODUCT_BUNDLE_IDENTIFIER = "com.coppel-ios.Coppel-ios-examenUITests";
				PRODUCT_NAME = "$(TARGET_NAME)";
				SWIFT_EMIT_LOC_STRINGS = NO;
				SWIFT_VERSION = 5.0;
				TARGETED_DEVICE_FAMILY = "1,2";
				TEST_TARGET_NAME = "Coppel ios examen";
			};
			name = Release;
		};
/* End XCBuildConfiguration section */

/* Begin XCConfigurationList section */
		8556C56D28A6C6ED001D52E5 /* Build configuration list for PBXProject "Coppel ios examen" */ = {
			isa = XCConfigurationList;
			buildConfigurations = (
				8556C59D28A6C6EE001D52E5 /* Debug */,
				8556C59E28A6C6EE001D52E5 /* Release */,
			);
			defaultConfigurationIsVisible = 0;
			defaultConfigurationName = Release;
		};
		8556C59F28A6C6EE001D52E5 /* Build configuration list for PBXNativeTarget "Coppel ios examen" */ = {
			isa = XCConfigurationList;
			buildConfigurations = (
				8556C5A028A6C6EE001D52E5 /* Debug */,
				8556C5A128A6C6EE001D52E5 /* Release */,
			);
			defaultConfigurationIsVisible = 0;
			defaultConfigurationName = Release;
		};
		8556C5A228A6C6EE001D52E5 /* Build configuration list for PBXNativeTarget "Coppel ios examenTests" */ = {
			isa = XCConfigurationList;
			buildConfigurations = (
				8556C5A328A6C6EE001D52E5 /* Debug */,
				8556C5A428A6C6EE001D52E5 /* Release */,
			);
			defaultConfigurationIsVisible = 0;
			defaultConfigurationName = Release;
		};
		8556C5A528A6C6EE001D52E5 /* Build configuration list for PBXNativeTarget "Coppel ios examenUITests" */ = {
			isa = XCConfigurationList;
			buildConfigurations = (
				8556C5A628A6C6EE001D52E5 /* Debug */,
				8556C5A728A6C6EE001D52E5 /* Release */,
			);
			defaultConfigurationIsVisible = 0;
			defaultConfigurationName = Release;
		};
/* End XCConfigurationList section */

/* Begin XCVersionGroup section */
		8556C57E28A6C6EE001D52E5 /* Coppel_ios_examen.xcdatamodeld */ = {
			isa = XCVersionGroup;
			children = (
				8556C57F28A6C6EE001D52E5 /* Coppel_ios_examen.xcdatamodel */,
			);
			currentVersion = 8556C57F28A6C6EE001D52E5 /* Coppel_ios_examen.xcdatamodel */;
			path = Coppel_ios_examen.xcdatamodeld;
			sourceTree = "<group>";
			versionGroupType = wrapper.xcdatamodel;
		};
/* End XCVersionGroup section */
	};
	rootObject = 8556C56A28A6C6ED001D52E5 /* Project object */;
}
